
Microsoft Visual Studio Solution File, Format Version 12.00
# Visual Studio 15
VisualStudioVersion = 15.0.28307.572
MinimumVisualStudioVersion = 10.0.40219.1
Project("{FAE04EC0-301F-11D3-BF4B-00C04F79EFBC}") = "MultiviewerWPF", "MultiviewerWPF\MultiviewerWPF.csproj", "{5423CAC9-5218-49EB-8810-F7E5DB4BFE65}"
EndProject
Global
	GlobalSection(SolutionConfigurationPlatforms) = preSolution
		Debug|Any CPU = Debug|Any CPU
		Release|Any CPU = Release|Any CPU
	EndGlobalSection
	GlobalSection(ProjectConfigurationPlatforms) = postSolution
		{5423CAC9-5218-49EB-8810-F7E5DB4BFE65}.Debug|Any CPU.ActiveCfg = Debug|Any CPU
		{5423CAC9-5218-49EB-8810-F7E5DB4BFE65}.Debug|Any CPU.Build.0 = Debug|Any CPU
		{5423CAC9-5218-49EB-8810-F7E5DB4BFE65}.Release|Any CPU.ActiveCfg = Release|Any CPU
		{5423CAC9-5218-49EB-8810-F7E5DB4BFE65}.Release|Any CPU.Build.0 = Release|Any CPU
	EndGlobalSection
	GlobalSection(SolutionProperties) = preSolution
		HideSolutionNode = FALSE
	EndGlobalSection
	GlobalSection(ExtensibilityGlobals) = postSolution
		SolutionGuid = {58596F97-39FB-412B-A379-0EDAA014F514}
	EndGlobalSection
EndGlobal
